
Microsoft Visual Studio Solution File, Format Version 12.00
# Visual Studio Version 17
VisualStudioVersion = 17.0.31903.59
MinimumVisualStudioVersion = 10.0.40219.1
Project("{2150E333-8FDC-42A3-9474-1A3956D46DE8}") = "src", "src", "{E8E1C83A-3526-4B39-AD2E-FE366ADB75D8}"
EndProject
Project("{FAE04EC0-301F-11D3-BF4B-00C04F79EFBC}") = "LibreNMS.WindowsAgent.Core", "src\LibreNMS.WindowsAgent.Core\LibreNMS.WindowsAgent.Core.csproj", "{98C99758-8093-41CB-9CB4-9612CFB4A004}"
EndProject
Project("{FAE04EC0-301F-11D3-BF4B-00C04F79EFBC}") = "LibreNMS.WindowsAgent.Service", "src\LibreNMS.WindowsAgent.Service\LibreNMS.WindowsAgent.Service.csproj", "{BD77123C-F1EA-4C98-A6F1-50215D621378}"
EndProject
Project("{2150E333-8FDC-42A3-9474-1A3956D46DE8}") = "tests", "tests", "{9455B7A5-7C71-488F-A33D-962CD100B168}"
EndProject
Project("{FAE04EC0-301F-11D3-BF4B-00C04F79EFBC}") = "LibreNMS.WindowsAgent.Tests", "tests\LibreNMS.WindowsAgent.Tests\LibreNMS.WindowsAgent.Tests.csproj", "{E27054F1-600D-465A-B7C6-20A96C89C84B}"
EndProject
Global
	GlobalSection(SolutionConfigurationPlatforms) = preSolution
		Debug|Any CPU = Debug|Any CPU
		Release|Any CPU = Release|Any CPU
	EndGlobalSection
	GlobalSection(SolutionProperties) = preSolution
		HideSolutionNode = FALSE
	EndGlobalSection
	GlobalSection(ProjectConfigurationPlatforms) = postSolution
		{98C99758-8093-41CB-9CB4-9612CFB4A004}.Debug|Any CPU.ActiveCfg = Debug|Any CPU
		{98C99758-8093-41CB-9CB4-9612CFB4A004}.Debug|Any CPU.Build.0 = Debug|Any CPU
		{98C99758-8093-41CB-9CB4-9612CFB4A004}.Release|Any CPU.ActiveCfg = Release|Any CPU
		{98C99758-8093-41CB-9CB4-9612CFB4A004}.Release|Any CPU.Build.0 = Release|Any CPU
		{BD77123C-F1EA-4C98-A6F1-50215D621378}.Debug|Any CPU.ActiveCfg = Debug|Any CPU
		{BD77123C-F1EA-4C98-A6F1-50215D621378}.Debug|Any CPU.Build.0 = Debug|Any CPU
		{BD77123C-F1EA-4C98-A6F1-50215D621378}.Release|Any CPU.ActiveCfg = Release|Any CPU
		{BD77123C-F1EA-4C98-A6F1-50215D621378}.Release|Any CPU.Build.0 = Release|Any CPU
		{E27054F1-600D-465A-B7C6-20A96C89C84B}.Debug|Any CPU.ActiveCfg = Debug|Any CPU
		{E27054F1-600D-465A-B7C6-20A96C89C84B}.Debug|Any CPU.Build.0 = Debug|Any CPU
		{E27054F1-600D-465A-B7C6-20A96C89C84B}.Release|Any CPU.ActiveCfg = Release|Any CPU
		{E27054F1-600D-465A-B7C6-20A96C89C84B}.Release|Any CPU.Build.0 = Release|Any CPU
	EndGlobalSection
	GlobalSection(NestedProjects) = preSolution
		{98C99758-8093-41CB-9CB4-9612CFB4A004} = {E8E1C83A-3526-4B39-AD2E-FE366ADB75D8}
		{BD77123C-F1EA-4C98-A6F1-50215D621378} = {E8E1C83A-3526-4B39-AD2E-FE366ADB75D8}
		{E27054F1-600D-465A-B7C6-20A96C89C84B} = {9455B7A5-7C71-488F-A33D-962CD100B168}
	EndGlobalSection
EndGlobal
